
Microsoft Visual Studio Solution File, Format Version 12.00
# Visual Studio Version 17
VisualStudioVersion = 17.4.33103.184
MinimumVisualStudioVersion = 10.0.40219.1
Project("{FAE04EC0-301F-11D3-BF4B-00C04F79EFBC}") = "MagicVila_CouponAPI", "MagicVila_CouponAPI\MagicVila_CouponAPI.csproj", "{04E34774-B397-43E3-9A43-4284667B4EC2}"
EndProject
Global
	GlobalSection(SolutionConfigurationPlatforms) = preSolution
		Debug|Any CPU = Debug|Any CPU
		Release|Any CPU = Release|Any CPU
	EndGlobalSection
	GlobalSection(ProjectConfigurationPlatforms) = postSolution
		{04E34774-B397-43E3-9A43-4284667B4EC2}.Debug|Any CPU.ActiveCfg = Debug|Any CPU
		{04E34774-B397-43E3-9A43-4284667B4EC2}.Debug|Any CPU.Build.0 = Debug|Any CPU
		{04E34774-B397-43E3-9A43-4284667B4EC2}.Release|Any CPU.ActiveCfg = Release|Any CPU
		{04E34774-B397-43E3-9A43-4284667B4EC2}.Release|Any CPU.Build.0 = Release|Any CPU
	EndGlobalSection
	GlobalSection(SolutionProperties) = preSolution
		HideSolutionNode = FALSE
	EndGlobalSection
	GlobalSection(ExtensibilityGlobals) = postSolution
		SolutionGuid = {F14CD5C6-2CAF-4C23-B5B9-9B58B2AFCA73}
	EndGlobalSection
EndGlobal
